
Microsoft Visual Studio Solution File, Format Version 12.00
# Visual Studio 15
Project("{FAE04EC0-301F-11D3-BF4B-00C04F79EFBC}") = "Oculus.Platform", "Oculus.Platform.csproj", "{0072F36B-DF3D-7753-7DDB-57EA06D9813F}"
EndProject
Project("{FAE04EC0-301F-11D3-BF4B-00C04F79EFBC}") = "Assembly-CSharp", "Assembly-CSharp.csproj", "{4F09BA9A-58BE-32CC-2D18-364738894405}"
EndProject
Project("{FAE04EC0-301F-11D3-BF4B-00C04F79EFBC}") = "Oculus.Interaction", "Oculus.Interaction.csproj", "{690A81BA-D19D-E84C-EB13-791549ECA2C3}"
EndProject
Project("{FAE04EC0-301F-11D3-BF4B-00C04F79EFBC}") = "Meta.WitAi", "Meta.WitAi.csproj", "{488C0A97-F3F6-AD18-2C04-8F41159C6AC1}"
EndProject
Project("{FAE04EC0-301F-11D3-BF4B-00C04F79EFBC}") = "Oculus.VR", "Oculus.VR.csproj", "{2172B5B3-1E30-4A3C-2728-5DC3B4CEBD10}"
EndProject
Project("{FAE04EC0-301F-11D3-BF4B-00C04F79EFBC}") = "VoiceSDK.Dictation.Runtime", "VoiceSDK.Dictation.Runtime.csproj", "{DF789804-DF07-763E-3CC3-425FE896BA83}"
EndProject
Project("{FAE04EC0-301F-11D3-BF4B-00C04F79EFBC}") = "VoiceSDK.Runtime", "VoiceSDK.Runtime.csproj", "{BBA2C355-7622-C05B-29AE-BA27BFF6E8CE}"
EndProject
Project("{FAE04EC0-301F-11D3-BF4B-00C04F79EFBC}") = "Meta.WitAi.Lib", "Meta.WitAi.Lib.csproj", "{294F6B9C-469B-73C3-CB4E-628C6B44EE2A}"
EndProject
Project("{FAE04EC0-301F-11D3-BF4B-00C04F79EFBC}") = "Oculus.Interaction.OVR.Samples", "Oculus.Interaction.OVR.Samples.csproj", "{7525F0CA-38CF-F3BB-CE25-686B3C3C9295}"
EndProject
Project("{FAE04EC0-301F-11D3-BF4B-00C04F79EFBC}") = "Meta.WitAi.TTS.Samples", "Meta.WitAi.TTS.Samples.csproj", "{2FE3EED3-9190-4ED2-60CD-016BB6E26514}"
EndProject
Project("{FAE04EC0-301F-11D3-BF4B-00C04F79EFBC}") = "Oculus.Voice.Demo", "Oculus.Voice.Demo.csproj", "{968DF631-B9E2-1EF8-E79B-41F6D01A701C}"
EndProject
Project("{FAE04EC0-301F-11D3-BF4B-00C04F79EFBC}") = "Oculus.Interaction.OVR", "Oculus.Interaction.OVR.csproj", "{B614CB50-8CC8-740F-BB66-6D8EA69ECFA2}"
EndProject
Project("{FAE04EC0-301F-11D3-BF4B-00C04F79EFBC}") = "AssistantCoreSDKRuntime", "AssistantCoreSDKRuntime.csproj", "{7AE5E002-F4E7-8F95-9C60-83DF0E22BECC}"
EndProject
Project("{FAE04EC0-301F-11D3-BF4B-00C04F79EFBC}") = "Meta.WitAi.Conduit", "Meta.WitAi.Conduit.csproj", "{ADDF37BE-1998-F1C5-DC6B-86939F36C81C}"
EndProject
Project("{FAE04EC0-301F-11D3-BF4B-00C04F79EFBC}") = "Oculus.AudioManager", "Oculus.AudioManager.csproj", "{B82C9A59-04C1-C85C-7E79-B3B6C913DBF4}"
EndProject
Project("{FAE04EC0-301F-11D3-BF4B-00C04F79EFBC}") = "Oculus.LipSync", "Oculus.LipSync.csproj", "{439FBEE0-F814-DC38-41B7-271677C3EF21}"
EndProject
Project("{FAE04EC0-301F-11D3-BF4B-00C04F79EFBC}") = "Oculus.Spatializer", "Oculus.Spatializer.csproj", "{EAD044D9-3865-3013-E6DF-E77321ECD568}"
EndProject
Project("{FAE04EC0-301F-11D3-BF4B-00C04F79EFBC}") = "Meta.VoiceSDK.Mic.Other", "Meta.VoiceSDK.Mic.Other.csproj", "{E9AF79DC-027C-0383-7826-F9B8F406DAA7}"
EndProject
Project("{FAE04EC0-301F-11D3-BF4B-00C04F79EFBC}") = "Meta.VoiceSDK.Mic.Common", "Meta.VoiceSDK.Mic.Common.csproj", "{461DCD34-709C-123A-BF92-40A0986FBA29}"
EndProject
Project("{FAE04EC0-301F-11D3-BF4B-00C04F79EFBC}") = "Facebook.Wit.Dictation", "Facebook.Wit.Dictation.csproj", "{7C749A97-6E4B-B0BF-6AD1-E8365DBB0841}"
EndProject
Project("{FAE04EC0-301F-11D3-BF4B-00C04F79EFBC}") = "Meta.WitAi.TTS", "Meta.WitAi.TTS.csproj", "{6886B1CE-9FD0-97C3-596E-BA2475FEB8F2}"
EndProject
Project("{FAE04EC0-301F-11D3-BF4B-00C04F79EFBC}") = "Meta.WitAi.Editor", "Meta.WitAi.Editor.csproj", "{45048E82-9B95-450A-0962-D0FB037ACFBF}"
EndProject
Project("{FAE04EC0-301F-11D3-BF4B-00C04F79EFBC}") = "Meta.WitAI.Lib.Editor", "Meta.WitAI.Lib.Editor.csproj", "{DCDF3E9B-7A54-EAF5-AE4D-CE96DA0CC181}"
EndProject
Project("{FAE04EC0-301F-11D3-BF4B-00C04F79EFBC}") = "Oculus.VR.Editor", "Oculus.VR.Editor.csproj", "{C2521BB3-9EFA-84CC-5441-8B3A2E2F9FC4}"
EndProject
Project("{FAE04EC0-301F-11D3-BF4B-00C04F79EFBC}") = "Meta.WitAi.Conduit.Editor", "Meta.WitAi.Conduit.Editor.csproj", "{5D8FF5E9-558D-8E4D-995D-24A9B7801EEC}"
EndProject
Project("{FAE04EC0-301F-11D3-BF4B-00C04F79EFBC}") = "Oculus.Interaction.Editor", "Oculus.Interaction.Editor.csproj", "{4E70E5E9-DBBB-E158-54B8-26F3DA835C94}"
EndProject
Project("{FAE04EC0-301F-11D3-BF4B-00C04F79EFBC}") = "Oculus.Interaction.OVR.Editor", "Oculus.Interaction.OVR.Editor.csproj", "{1CA5C37B-FEF4-147D-E028-13C71931B2A8}"
EndProject
Project("{FAE04EC0-301F-11D3-BF4B-00C04F79EFBC}") = "Assembly-CSharp-Editor", "Assembly-CSharp-Editor.csproj", "{FE298689-D8A1-AFA7-50EA-96D32E318397}"
EndProject
Project("{FAE04EC0-301F-11D3-BF4B-00C04F79EFBC}") = "Oculus.VR.Scripts.Editor", "Oculus.VR.Scripts.Editor.csproj", "{D0054CE0-20A2-45DA-0E15-874FA7459B77}"
EndProject
Project("{FAE04EC0-301F-11D3-BF4B-00C04F79EFBC}") = "Oculus.Spatializer.Editor", "Oculus.Spatializer.Editor.csproj", "{96C2B5FF-E288-9115-28E6-5A954C2AB858}"
EndProject
Project("{FAE04EC0-301F-11D3-BF4B-00C04F79EFBC}") = "Meta.WitAi.TTS.Editor", "Meta.WitAi.TTS.Editor.csproj", "{8FFE9287-9972-DA87-FD5F-02905BE175CD}"
EndProject
Project("{FAE04EC0-301F-11D3-BF4B-00C04F79EFBC}") = "VoiceSDK.Dictation.Editor", "VoiceSDK.Dictation.Editor.csproj", "{6649750E-372B-9383-CC7B-8AA269B13E39}"
EndProject
Project("{FAE04EC0-301F-11D3-BF4B-00C04F79EFBC}") = "Oculus.Platform.Editor", "Oculus.Platform.Editor.csproj", "{D4FBD026-762F-D148-DE0E-3D2481DF1BE6}"
EndProject
Project("{FAE04EC0-301F-11D3-BF4B-00C04F79EFBC}") = "VoiceSDK.Editor", "VoiceSDK.Editor.csproj", "{1BABFB93-F5E3-3211-727B-102CE8EA4EFE}"
EndProject
Project("{FAE04EC0-301F-11D3-BF4B-00C04F79EFBC}") = "Oculus.AudioManager.Audio.Editor", "Oculus.AudioManager.Audio.Editor.csproj", "{0177529E-FE23-A5FA-4FB6-0C5653F05F55}"
EndProject
Project("{FAE04EC0-301F-11D3-BF4B-00C04F79EFBC}") = "Oculus.LipSync.Editor", "Oculus.LipSync.Editor.csproj", "{DC18F13B-FCA2-CD65-D28F-8A292B9746E6}"
EndProject
Project("{FAE04EC0-301F-11D3-BF4B-00C04F79EFBC}") = "Oculus.AudioManager.Utils.Editor", "Oculus.AudioManager.Utils.Editor.csproj", "{3C389C0F-E84E-9277-41CF-CA221A65DC47}"
EndProject
Project("{FAE04EC0-301F-11D3-BF4B-00C04F79EFBC}") = "Oculus.Interaction.Samples.Editor", "Oculus.Interaction.Samples.Editor.csproj", "{19BAB6CB-A2C8-9CF4-1EE0-D208B33CAAA9}"
EndProject
Project("{FAE04EC0-301F-11D3-BF4B-00C04F79EFBC}") = "Facebook.Wit.Dictation.Editor", "Facebook.Wit.Dictation.Editor.csproj", "{3C51A4EA-76E8-2FB8-5B6B-DBE9C6D67748}"
EndProject
Project("{FAE04EC0-301F-11D3-BF4B-00C04F79EFBC}") = "Oculus.Interaction.InterfaceSupport", "Oculus.Interaction.InterfaceSupport.csproj", "{3623058E-C925-4637-8DF8-94ED80443B51}"
EndProject
Project("{FAE04EC0-301F-11D3-BF4B-00C04F79EFBC}") = "AssistantCoreSDKEditor", "AssistantCoreSDKEditor.csproj", "{895F88F7-2D6C-1924-4DEE-A69A6DBC2C78}"
EndProject
Global
	GlobalSection(SolutionConfigurationPlatforms) = preSolution
		Debug|Any CPU = Debug|Any CPU
		Release|Any CPU = Release|Any CPU
	EndGlobalSection
	GlobalSection(ProjectConfigurationPlatforms) = postSolution
		{0072F36B-DF3D-7753-7DDB-57EA06D9813F}.Debug|Any CPU.ActiveCfg = Debug|Any CPU
		{0072F36B-DF3D-7753-7DDB-57EA06D9813F}.Debug|Any CPU.Build.0 = Debug|Any CPU
		{0072F36B-DF3D-7753-7DDB-57EA06D9813F}.Release|Any CPU.ActiveCfg = Release|Any CPU
		{0072F36B-DF3D-7753-7DDB-57EA06D9813F}.Release|Any CPU.Build.0 = Release|Any CPU
		{4F09BA9A-58BE-32CC-2D18-364738894405}.Debug|Any CPU.ActiveCfg = Debug|Any CPU
		{4F09BA9A-58BE-32CC-2D18-364738894405}.Debug|Any CPU.Build.0 = Debug|Any CPU
		{4F09BA9A-58BE-32CC-2D18-364738894405}.Release|Any CPU.ActiveCfg = Release|Any CPU
		{4F09BA9A-58BE-32CC-2D18-364738894405}.Release|Any CPU.Build.0 = Release|Any CPU
		{690A81BA-D19D-E84C-EB13-791549ECA2C3}.Debug|Any CPU.ActiveCfg = Debug|Any CPU
		{690A81BA-D19D-E84C-EB13-791549ECA2C3}.Debug|Any CPU.Build.0 = Debug|Any CPU
		{690A81BA-D19D-E84C-EB13-791549ECA2C3}.Release|Any CPU.ActiveCfg = Release|Any CPU
		{690A81BA-D19D-E84C-EB13-791549ECA2C3}.Release|Any CPU.Build.0 = Release|Any CPU
		{488C0A97-F3F6-AD18-2C04-8F41159C6AC1}.Debug|Any CPU.ActiveCfg = Debug|Any CPU
		{488C0A97-F3F6-AD18-2C04-8F41159C6AC1}.Debug|Any CPU.Build.0 = Debug|Any CPU
		{488C0A97-F3F6-AD18-2C04-8F41159C6AC1}.Release|Any CPU.ActiveCfg = Release|Any CPU
		{488C0A97-F3F6-AD18-2C04-8F41159C6AC1}.Release|Any CPU.Build.0 = Release|Any CPU
		{2172B5B3-1E30-4A3C-2728-5DC3B4CEBD10}.Debug|Any CPU.ActiveCfg = Debug|Any CPU
		{2172B5B3-1E30-4A3C-2728-5DC3B4CEBD10}.Debug|Any CPU.Build.0 = Debug|Any CPU
		{2172B5B3-1E30-4A3C-2728-5DC3B4CEBD10}.Release|Any CPU.ActiveCfg = Release|Any CPU
		{2172B5B3-1E30-4A3C-2728-5DC3B4CEBD10}.Release|Any CPU.Build.0 = Release|Any CPU
		{DF789804-DF07-763E-3CC3-425FE896BA83}.Debug|Any CPU.ActiveCfg = Debug|Any CPU
		{DF789804-DF07-763E-3CC3-425FE896BA83}.Debug|Any CPU.Build.0 = Debug|Any CPU
		{DF789804-DF07-763E-3CC3-425FE896BA83}.Release|Any CPU.ActiveCfg = Release|Any CPU
		{DF789804-DF07-763E-3CC3-425FE896BA83}.Release|Any CPU.Build.0 = Release|Any CPU
		{BBA2C355-7622-C05B-29AE-BA27BFF6E8CE}.Debug|Any CPU.ActiveCfg = Debug|Any CPU
		{BBA2C355-7622-C05B-29AE-BA27BFF6E8CE}.Debug|Any CPU.Build.0 = Debug|Any CPU
		{BBA2C355-7622-C05B-29AE-BA27BFF6E8CE}.Release|Any CPU.ActiveCfg = Release|Any CPU
		{BBA2C355-7622-C05B-29AE-BA27BFF6E8CE}.Release|Any CPU.Build.0 = Release|Any CPU
		{294F6B9C-469B-73C3-CB4E-628C6B44EE2A}.Debug|Any CPU.ActiveCfg = Debug|Any CPU
		{294F6B9C-469B-73C3-CB4E-628C6B44EE2A}.Debug|Any CPU.Build.0 = Debug|Any CPU
		{294F6B9C-469B-73C3-CB4E-628C6B44EE2A}.Release|Any CPU.ActiveCfg = Release|Any CPU
		{294F6B9C-469B-73C3-CB4E-628C6B44EE2A}.Release|Any CPU.Build.0 = Release|Any CPU
		{7525F0CA-38CF-F3BB-CE25-686B3C3C9295}.Debug|Any CPU.ActiveCfg = Debug|Any CPU
		{7525F0CA-38CF-F3BB-CE25-686B3C3C9295}.Debug|Any CPU.Build.0 = Debug|Any CPU
		{7525F0CA-38CF-F3BB-CE25-686B3C3C9295}.Release|Any CPU.ActiveCfg = Release|Any CPU
		{7525F0CA-38CF-F3BB-CE25-686B3C3C9295}.Release|Any CPU.Build.0 = Release|Any CPU
		{2FE3EED3-9190-4ED2-60CD-016BB6E26514}.Debug|Any CPU.ActiveCfg = Debug|Any CPU
		{2FE3EED3-9190-4ED2-60CD-016BB6E26514}.Debug|Any CPU.Build.0 = Debug|Any CPU
		{2FE3EED3-9190-4ED2-60CD-016BB6E26514}.Release|Any CPU.ActiveCfg = Release|Any CPU
		{2FE3EED3-9190-4ED2-60CD-016BB6E26514}.Release|Any CPU.Build.0 = Release|Any CPU
		{968DF631-B9E2-1EF8-E79B-41F6D01A701C}.Debug|Any CPU.ActiveCfg = Debug|Any CPU
		{968DF631-B9E2-1EF8-E79B-41F6D01A701C}.Debug|Any CPU.Build.0 = Debug|Any CPU
		{968DF631-B9E2-1EF8-E79B-41F6D01A701C}.Release|Any CPU.ActiveCfg = Release|Any CPU
		{968DF631-B9E2-1EF8-E79B-41F6D01A701C}.Release|Any CPU.Build.0 = Release|Any CPU
		{B614CB50-8CC8-740F-BB66-6D8EA69ECFA2}.Debug|Any CPU.ActiveCfg = Debug|Any CPU
		{B614CB50-8CC8-740F-BB66-6D8EA69ECFA2}.Debug|Any CPU.Build.0 = Debug|Any CPU
		{B614CB50-8CC8-740F-BB66-6D8EA69ECFA2}.Release|Any CPU.ActiveCfg = Release|Any CPU
		{B614CB50-8CC8-740F-BB66-6D8EA69ECFA2}.Release|Any CPU.Build.0 = Release|Any CPU
		{7AE5E002-F4E7-8F95-9C60-83DF0E22BECC}.Debug|Any CPU.ActiveCfg = Debug|Any CPU
		{7AE5E002-F4E7-8F95-9C60-83DF0E22BECC}.Debug|Any CPU.Build.0 = Debug|Any CPU
		{7AE5E002-F4E7-8F95-9C60-83DF0E22BECC}.Release|Any CPU.ActiveCfg = Release|Any CPU
		{7AE5E002-F4E7-8F95-9C60-83DF0E22BECC}.Release|Any CPU.Build.0 = Release|Any CPU
		{ADDF37BE-1998-F1C5-DC6B-86939F36C81C}.Debug|Any CPU.ActiveCfg = Debug|Any CPU
		{ADDF37BE-1998-F1C5-DC6B-86939F36C81C}.Debug|Any CPU.Build.0 = Debug|Any CPU
		{ADDF37BE-1998-F1C5-DC6B-86939F36C81C}.Release|Any CPU.ActiveCfg = Release|Any CPU
		{ADDF37BE-1998-F1C5-DC6B-86939F36C81C}.Release|Any CPU.Build.0 = Release|Any CPU
		{B82C9A59-04C1-C85C-7E79-B3B6C913DBF4}.Debug|Any CPU.ActiveCfg = Debug|Any CPU
		{B82C9A59-04C1-C85C-7E79-B3B6C913DBF4}.Debug|Any CPU.Build.0 = Debug|Any CPU
		{B82C9A59-04C1-C85C-7E79-B3B6C913DBF4}.Release|Any CPU.ActiveCfg = Release|Any CPU
		{B82C9A59-04C1-C85C-7E79-B3B6C913DBF4}.Release|Any CPU.Build.0 = Release|Any CPU
		{439FBEE0-F814-DC38-41B7-271677C3EF21}.Debug|Any CPU.ActiveCfg = Debug|Any CPU
		{439FBEE0-F814-DC38-41B7-271677C3EF21}.Debug|Any CPU.Build.0 = Debug|Any CPU
		{439FBEE0-F814-DC38-41B7-271677C3EF21}.Release|Any CPU.ActiveCfg = Release|Any CPU
		{439FBEE0-F814-DC38-41B7-271677C3EF21}.Release|Any CPU.Build.0 = Release|Any CPU
		{EAD044D9-3865-3013-E6DF-E77321ECD568}.Debug|Any CPU.ActiveCfg = Debug|Any CPU
		{EAD044D9-3865-3013-E6DF-E77321ECD568}.Debug|Any CPU.Build.0 = Debug|Any CPU
		{EAD044D9-3865-3013-E6DF-E77321ECD568}.Release|Any CPU.ActiveCfg = Release|Any CPU
		{EAD044D9-3865-3013-E6DF-E77321ECD568}.Release|Any CPU.Build.0 = Release|Any CPU
		{E9AF79DC-027C-0383-7826-F9B8F406DAA7}.Debug|Any CPU.ActiveCfg = Debug|Any CPU
		{E9AF79DC-027C-0383-7826-F9B8F406DAA7}.Debug|Any CPU.Build.0 = Debug|Any CPU
		{E9AF79DC-027C-0383-7826-F9B8F406DAA7}.Release|Any CPU.ActiveCfg = Release|Any CPU
		{E9AF79DC-027C-0383-7826-F9B8F406DAA7}.Release|Any CPU.Build.0 = Release|Any CPU
		{461DCD34-709C-123A-BF92-40A0986FBA29}.Debug|Any CPU.ActiveCfg = Debug|Any CPU
		{461DCD34-709C-123A-BF92-40A0986FBA29}.Debug|Any CPU.Build.0 = Debug|Any CPU
		{461DCD34-709C-123A-BF92-40A0986FBA29}.Release|Any CPU.ActiveCfg = Release|Any CPU
		{461DCD34-709C-123A-BF92-40A0986FBA29}.Release|Any CPU.Build.0 = Release|Any CPU
		{7C749A97-6E4B-B0BF-6AD1-E8365DBB0841}.Debug|Any CPU.ActiveCfg = Debug|Any CPU
		{7C749A97-6E4B-B0BF-6AD1-E8365DBB0841}.Debug|Any CPU.Build.0 = Debug|Any CPU
		{7C749A97-6E4B-B0BF-6AD1-E8365DBB0841}.Release|Any CPU.ActiveCfg = Release|Any CPU
		{7C749A97-6E4B-B0BF-6AD1-E8365DBB0841}.Release|Any CPU.Build.0 = Release|Any CPU
		{6886B1CE-9FD0-97C3-596E-BA2475FEB8F2}.Debug|Any CPU.ActiveCfg = Debug|Any CPU
		{6886B1CE-9FD0-97C3-596E-BA2475FEB8F2}.Debug|Any CPU.Build.0 = Debug|Any CPU
		{6886B1CE-9FD0-97C3-596E-BA2475FEB8F2}.Release|Any CPU.ActiveCfg = Release|Any CPU
		{6886B1CE-9FD0-97C3-596E-BA2475FEB8F2}.Release|Any CPU.Build.0 = Release|Any CPU
		{45048E82-9B95-450A-0962-D0FB037ACFBF}.Debug|Any CPU.ActiveCfg = Debug|Any CPU
		{45048E82-9B95-450A-0962-D0FB037ACFBF}.Debug|Any CPU.Build.0 = Debug|Any CPU
		{45048E82-9B95-450A-0962-D0FB037ACFBF}.Release|Any CPU.ActiveCfg = Release|Any CPU
		{45048E82-9B95-450A-0962-D0FB037ACFBF}.Release|Any CPU.Build.0 = Release|Any CPU
		{DCDF3E9B-7A54-EAF5-AE4D-CE96DA0CC181}.Debug|Any CPU.ActiveCfg = Debug|Any CPU
		{DCDF3E9B-7A54-EAF5-AE4D-CE96DA0CC181}.Debug|Any CPU.Build.0 = Debug|Any CPU
		{DCDF3E9B-7A54-EAF5-AE4D-CE96DA0CC181}.Release|Any CPU.ActiveCfg = Release|Any CPU
		{DCDF3E9B-7A54-EAF5-AE4D-CE96DA0CC181}.Release|Any CPU.Build.0 = Release|Any CPU
		{C2521BB3-9EFA-84CC-5441-8B3A2E2F9FC4}.Debug|Any CPU.ActiveCfg = Debug|Any CPU
		{C2521BB3-9EFA-84CC-5441-8B3A2E2F9FC4}.Debug|Any CPU.Build.0 = Debug|Any CPU
		{C2521BB3-9EFA-84CC-5441-8B3A2E2F9FC4}.Release|Any CPU.ActiveCfg = Release|Any CPU
		{C2521BB3-9EFA-84CC-5441-8B3A2E2F9FC4}.Release|Any CPU.Build.0 = Release|Any CPU
		{5D8FF5E9-558D-8E4D-995D-24A9B7801EEC}.Debug|Any CPU.ActiveCfg = Debug|Any CPU
		{5D8FF5E9-558D-8E4D-995D-24A9B7801EEC}.Debug|Any CPU.Build.0 = Debug|Any CPU
		{5D8FF5E9-558D-8E4D-995D-24A9B7801EEC}.Release|Any CPU.ActiveCfg = Release|Any CPU
		{5D8FF5E9-558D-8E4D-995D-24A9B7801EEC}.Release|Any CPU.Build.0 = Release|Any CPU
		{4E70E5E9-DBBB-E158-54B8-26F3DA835C94}.Debug|Any CPU.ActiveCfg = Debug|Any CPU
		{4E70E5E9-DBBB-E158-54B8-26F3DA835C94}.Debug|Any CPU.Build.0 = Debug|Any CPU
		{4E70E5E9-DBBB-E158-54B8-26F3DA835C94}.Release|Any CPU.ActiveCfg = Release|Any CPU
		{4E70E5E9-DBBB-E158-54B8-26F3DA835C94}.Release|Any CPU.Build.0 = Release|Any CPU
		{1CA5C37B-FEF4-147D-E028-13C71931B2A8}.Debug|Any CPU.ActiveCfg = Debug|Any CPU
		{1CA5C37B-FEF4-147D-E028-13C71931B2A8}.Debug|Any CPU.Build.0 = Debug|Any CPU
		{1CA5C37B-FEF4-147D-E028-13C71931B2A8}.Release|Any CPU.ActiveCfg = Release|Any CPU
		{1CA5C37B-FEF4-147D-E028-13C71931B2A8}.Release|Any CPU.Build.0 = Release|Any CPU
		{FE298689-D8A1-AFA7-50EA-96D32E318397}.Debug|Any CPU.ActiveCfg = Debug|Any CPU
		{FE298689-D8A1-AFA7-50EA-96D32E318397}.Debug|Any CPU.Build.0 = Debug|Any CPU
		{FE298689-D8A1-AFA7-50EA-96D32E318397}.Release|Any CPU.ActiveCfg = Release|Any CPU
		{FE298689-D8A1-AFA7-50EA-96D32E318397}.Release|Any CPU.Build.0 = Release|Any CPU
		{D0054CE0-20A2-45DA-0E15-874FA7459B77}.Debug|Any CPU.ActiveCfg = Debug|Any CPU
		{D0054CE0-20A2-45DA-0E15-874FA7459B77}.Debug|Any CPU.Build.0 = Debug|Any CPU
		{D0054CE0-20A2-45DA-0E15-874FA7459B77}.Release|Any CPU.ActiveCfg = Release|Any CPU
		{D0054CE0-20A2-45DA-0E15-874FA7459B77}.Release|Any CPU.Build.0 = Release|Any CPU
		{96C2B5FF-E288-9115-28E6-5A954C2AB858}.Debug|Any CPU.ActiveCfg = Debug|Any CPU
		{96C2B5FF-E288-9115-28E6-5A954C2AB858}.Debug|Any CPU.Build.0 = Debug|Any CPU
		{96C2B5FF-E288-9115-28E6-5A954C2AB858}.Release|Any CPU.ActiveCfg = Release|Any CPU
		{96C2B5FF-E288-9115-28E6-5A954C2AB858}.Release|Any CPU.Build.0 = Release|Any CPU
		{8FFE9287-9972-DA87-FD5F-02905BE175CD}.Debug|Any CPU.ActiveCfg = Debug|Any CPU
		{8FFE9287-9972-DA87-FD5F-02905BE175CD}.Debug|Any CPU.Build.0 = Debug|Any CPU
		{8FFE9287-9972-DA87-FD5F-02905BE175CD}.Release|Any CPU.ActiveCfg = Release|Any CPU
		{8FFE9287-9972-DA87-FD5F-02905BE175CD}.Release|Any CPU.Build.0 = Release|Any CPU
		{6649750E-372B-9383-CC7B-8AA269B13E39}.Debug|Any CPU.ActiveCfg = Debug|Any CPU
		{6649750E-372B-9383-CC7B-8AA269B13E39}.Debug|Any CPU.Build.0 = Debug|Any CPU
		{6649750E-372B-9383-CC7B-8AA269B13E39}.Release|Any CPU.ActiveCfg = Release|Any CPU
		{6649750E-372B-9383-CC7B-8AA269B13E39}.Release|Any CPU.Build.0 = Release|Any CPU
		{D4FBD026-762F-D148-DE0E-3D2481DF1BE6}.Debug|Any CPU.ActiveCfg = Debug|Any CPU
		{D4FBD026-762F-D148-DE0E-3D2481DF1BE6}.Debug|Any CPU.Build.0 = Debug|Any CPU
		{D4FBD026-762F-D148-DE0E-3D2481DF1BE6}.Release|Any CPU.ActiveCfg = Release|Any CPU
		{D4FBD026-762F-D148-DE0E-3D2481DF1BE6}.Release|Any CPU.Build.0 = Release|Any CPU
		{1BABFB93-F5E3-3211-727B-102CE8EA4EFE}.Debug|Any CPU.ActiveCfg = Debug|Any CPU
		{1BABFB93-F5E3-3211-727B-102CE8EA4EFE}.Debug|Any CPU.Build.0 = Debug|Any CPU
		{1BABFB93-F5E3-3211-727B-102CE8EA4EFE}.Release|Any CPU.ActiveCfg = Release|Any CPU
		{1BABFB93-F5E3-3211-727B-102CE8EA4EFE}.Release|Any CPU.Build.0 = Release|Any CPU
		{0177529E-FE23-A5FA-4FB6-0C5653F05F55}.Debug|Any CPU.ActiveCfg = Debug|Any CPU
		{0177529E-FE23-A5FA-4FB6-0C5653F05F55}.Debug|Any CPU.Build.0 = Debug|Any CPU
		{0177529E-FE23-A5FA-4FB6-0C5653F05F55}.Release|Any CPU.ActiveCfg = Release|Any CPU
		{0177529E-FE23-A5FA-4FB6-0C5653F05F55}.Release|Any CPU.Build.0 = Release|Any CPU
		{DC18F13B-FCA2-CD65-D28F-8A292B9746E6}.Debug|Any CPU.ActiveCfg = Debug|Any CPU
		{DC18F13B-FCA2-CD65-D28F-8A292B9746E6}.Debug|Any CPU.Build.0 = Debug|Any CPU
		{DC18F13B-FCA2-CD65-D28F-8A292B9746E6}.Release|Any CPU.ActiveCfg = Release|Any CPU
		{DC18F13B-FCA2-CD65-D28F-8A292B9746E6}.Release|Any CPU.Build.0 = Release|Any CPU
		{3C389C0F-E84E-9277-41CF-CA221A65DC47}.Debug|Any CPU.ActiveCfg = Debug|Any CPU
		{3C389C0F-E84E-9277-41CF-CA221A65DC47}.Debug|Any CPU.Build.0 = Debug|Any CPU
		{3C389C0F-E84E-9277-41CF-CA221A65DC47}.Release|Any CPU.ActiveCfg = Release|Any CPU
		{3C389C0F-E84E-9277-41CF-CA221A65DC47}.Release|Any CPU.Build.0 = Release|Any CPU
		{19BAB6CB-A2C8-9CF4-1EE0-D208B33CAAA9}.Debug|Any CPU.ActiveCfg = Debug|Any CPU
		{19BAB6CB-A2C8-9CF4-1EE0-D208B33CAAA9}.Debug|Any CPU.Build.0 = Debug|Any CPU
		{19BAB6CB-A2C8-9CF4-1EE0-D208B33CAAA9}.Release|Any CPU.ActiveCfg = Release|Any CPU
		{19BAB6CB-A2C8-9CF4-1EE0-D208B33CAAA9}.Release|Any CPU.Build.0 = Release|Any CPU
		{3C51A4EA-76E8-2FB8-5B6B-DBE9C6D67748}.Debug|Any CPU.ActiveCfg = Debug|Any CPU
		{3C51A4EA-76E8-2FB8-5B6B-DBE9C6D67748}.Debug|Any CPU.Build.0 = Debug|Any CPU
		{3C51A4EA-76E8-2FB8-5B6B-DBE9C6D67748}.Release|Any CPU.ActiveCfg = Release|Any CPU
		{3C51A4EA-76E8-2FB8-5B6B-DBE9C6D67748}.Release|Any CPU.Build.0 = Release|Any CPU
		{3623058E-C925-4637-8DF8-94ED80443B51}.Debug|Any CPU.ActiveCfg = Debug|Any CPU
		{3623058E-C925-4637-8DF8-94ED80443B51}.Debug|Any CPU.Build.0 = Debug|Any CPU
		{3623058E-C925-4637-8DF8-94ED80443B51}.Release|Any CPU.ActiveCfg = Release|Any CPU
		{3623058E-C925-4637-8DF8-94ED80443B51}.Release|Any CPU.Build.0 = Release|Any CPU
		{895F88F7-2D6C-1924-4DEE-A69A6DBC2C78}.Debug|Any CPU.ActiveCfg = Debug|Any CPU
		{895F88F7-2D6C-1924-4DEE-A69A6DBC2C78}.Debug|Any CPU.Build.0 = Debug|Any CPU
		{895F88F7-2D6C-1924-4DEE-A69A6DBC2C78}.Release|Any CPU.ActiveCfg = Release|Any CPU
		{895F88F7-2D6C-1924-4DEE-A69A6DBC2C78}.Release|Any CPU.Build.0 = Release|Any CPU
	EndGlobalSection
	GlobalSection(SolutionProperties) = preSolution
		HideSolutionNode = FALSE
	EndGlobalSection
EndGlobal
